
Microsoft Visual Studio Solution File, Format Version 12.00
# Visual Studio Version 17
VisualStudioVersion = 17.8.34330.188
MinimumVisualStudioVersion = 10.0.40219.1
Project("{FAE04EC0-301F-11D3-BF4B-00C04F79EFBC}") = "EnumFilterColumn", "EnumFilterColumn\EnumFilterColumn.csproj", "{08308736-93AE-4EB9-9186-189D40066505}"
EndProject
Project("{FAE04EC0-301F-11D3-BF4B-00C04F79EFBC}") = "EnumFilterColumn.Client", "EnumFilterColumn.Client\EnumFilterColumn.Client.csproj", "{2F71C2E3-122A-4B33-B8B6-179A9A3CFC1C}"
EndProject
Global
	GlobalSection(SolutionConfigurationPlatforms) = preSolution
		Debug|Any CPU = Debug|Any CPU
		Release|Any CPU = Release|Any CPU
	EndGlobalSection
	GlobalSection(ProjectConfigurationPlatforms) = postSolution
		{08308736-93AE-4EB9-9186-189D40066505}.Debug|Any CPU.ActiveCfg = Debug|Any CPU
		{08308736-93AE-4EB9-9186-189D40066505}.Debug|Any CPU.Build.0 = Debug|Any CPU
		{08308736-93AE-4EB9-9186-189D40066505}.Release|Any CPU.ActiveCfg = Release|Any CPU
		{08308736-93AE-4EB9-9186-189D40066505}.Release|Any CPU.Build.0 = Release|Any CPU
		{2F71C2E3-122A-4B33-B8B6-179A9A3CFC1C}.Debug|Any CPU.ActiveCfg = Debug|Any CPU
		{2F71C2E3-122A-4B33-B8B6-179A9A3CFC1C}.Debug|Any CPU.Build.0 = Debug|Any CPU
		{2F71C2E3-122A-4B33-B8B6-179A9A3CFC1C}.Release|Any CPU.ActiveCfg = Release|Any CPU
		{2F71C2E3-122A-4B33-B8B6-179A9A3CFC1C}.Release|Any CPU.Build.0 = Release|Any CPU
	EndGlobalSection
	GlobalSection(SolutionProperties) = preSolution
		HideSolutionNode = FALSE
	EndGlobalSection
	GlobalSection(ExtensibilityGlobals) = postSolution
		SolutionGuid = {8A6CBC26-642D-432F-97DA-6963E18CF1C3}
	EndGlobalSection
EndGlobal
